
Microsoft Visual Studio Solution File, Format Version 12.00
# Visual Studio Version 17
VisualStudioVersion = 17.9.34728.123
MinimumVisualStudioVersion = 10.0.40219.1
Project("{FAE04EC0-301F-11D3-BF4B-00C04F79EFBC}") = "MyFirstC#", "MyFirstC#\MyFirstC#.csproj", "{EAD1B4AE-85F1-4700-9CC7-6E188C2A62D2}"
EndProject
Global
	GlobalSection(SolutionConfigurationPlatforms) = preSolution
		Debug|Any CPU = Debug|Any CPU
		Release|Any CPU = Release|Any CPU
	EndGlobalSection
	GlobalSection(ProjectConfigurationPlatforms) = postSolution
		{EAD1B4AE-85F1-4700-9CC7-6E188C2A62D2}.Debug|Any CPU.ActiveCfg = Debug|Any CPU
		{EAD1B4AE-85F1-4700-9CC7-6E188C2A62D2}.Debug|Any CPU.Build.0 = Debug|Any CPU
		{EAD1B4AE-85F1-4700-9CC7-6E188C2A62D2}.Release|Any CPU.ActiveCfg = Release|Any CPU
		{EAD1B4AE-85F1-4700-9CC7-6E188C2A62D2}.Release|Any CPU.Build.0 = Release|Any CPU
	EndGlobalSection
	GlobalSection(SolutionProperties) = preSolution
		HideSolutionNode = FALSE
	EndGlobalSection
	GlobalSection(ExtensibilityGlobals) = postSolution
		SolutionGuid = {3C2EB80A-9C1F-43BA-9A7B-BF63D15C3489}
	EndGlobalSection
EndGlobal
